
Microsoft Visual Studio Solution File, Format Version 12.00
# Visual Studio Version 16
VisualStudioVersion = 16.0.30011.22
MinimumVisualStudioVersion = 10.0.40219.1
Project("{9A19103F-16F7-4668-BE54-9A1E7A4F7556}") = "web_app_backend2", "web_app_backend2.csproj", "{A90C4E67-E86D-4AED-8987-E5D0CF9BF31B}"
EndProject
Global
	GlobalSection(SolutionConfigurationPlatforms) = preSolution
		Debug|Any CPU = Debug|Any CPU
		Release|Any CPU = Release|Any CPU
	EndGlobalSection
	GlobalSection(ProjectConfigurationPlatforms) = postSolution
		{A90C4E67-E86D-4AED-8987-E5D0CF9BF31B}.Debug|Any CPU.ActiveCfg = Debug|Any CPU
		{A90C4E67-E86D-4AED-8987-E5D0CF9BF31B}.Debug|Any CPU.Build.0 = Debug|Any CPU
		{A90C4E67-E86D-4AED-8987-E5D0CF9BF31B}.Release|Any CPU.ActiveCfg = Release|Any CPU
		{A90C4E67-E86D-4AED-8987-E5D0CF9BF31B}.Release|Any CPU.Build.0 = Release|Any CPU
	EndGlobalSection
	GlobalSection(SolutionProperties) = preSolution
		HideSolutionNode = FALSE
	EndGlobalSection
	GlobalSection(ExtensibilityGlobals) = postSolution
		SolutionGuid = {0162D5E7-DB07-4EF5-B83D-22CA8ACFDF19}
	EndGlobalSection
EndGlobal
